// !$*UTF8*$!
{
	archiveVersion = 1;
	classes = {
	};
	objectVersion = 46;
	objects = {

/* Begin PBXBuildFile section */
		4F1AFC911C8F5E750089B82C /* Overplayer.swift in Sources */ = {isa = PBXBuildFile; fileRef = 4F1AFC901C8F5E750089B82C /* Overplayer.swift */; };
		4F1AFC931C92118A0089B82C /* NetUtils.swift in Sources */ = {isa = PBXBuildFile; fileRef = 4F1AFC921C92118A0089B82C /* NetUtils.swift */; };
		4F1AFC9E1C9B53A30089B82C /* OverplayerCell.swift in Sources */ = {isa = PBXBuildFile; fileRef = 4F1AFC9D1C9B53A30089B82C /* OverplayerCell.swift */; };
		4FC232351C863577006987F7 /* AppDelegate.swift in Sources */ = {isa = PBXBuildFile; fileRef = 4FC232341C863577006987F7 /* AppDelegate.swift */; };
		4FC232371C863577006987F7 /* ChooseOverplayerViewController.swift in Sources */ = {isa = PBXBuildFile; fileRef = 4FC232361C863577006987F7 /* ChooseOverplayerViewController.swift */; };
		4FC2323A1C863577006987F7 /* Main.storyboard in Resources */ = {isa = PBXBuildFile; fileRef = 4FC232381C863577006987F7 /* Main.storyboard */; };
		4FC2323C1C863577006987F7 /* Assets.xcassets in Resources */ = {isa = PBXBuildFile; fileRef = 4FC2323B1C863577006987F7 /* Assets.xcassets */; };
		4FC2323F1C863577006987F7 /* LaunchScreen.storyboard in Resources */ = {isa = PBXBuildFile; fileRef = 4FC2323D1C863577006987F7 /* LaunchScreen.storyboard */; };
		4FC232471C8637FC006987F7 /* OverplayerViewController.swift in Sources */ = {isa = PBXBuildFile; fileRef = 4FC232461C8637FC006987F7 /* OverplayerViewController.swift */; };
		C1DF3E7ED0283B6E64600954 /* Pods_OverplayAppSwift.framework in Frameworks */ = {isa = PBXBuildFile; fileRef = 4CA9131026E61A775BACE4A0 /* Pods_OverplayAppSwift.framework */; };
/* End PBXBuildFile section */

/* Begin PBXFileReference section */
		4CA9131026E61A775BACE4A0 /* Pods_OverplayAppSwift.framework */ = {isa = PBXFileReference; explicitFileType = wrapper.framework; includeInIndex = 0; path = Pods_OverplayAppSwift.framework; sourceTree = BUILT_PRODUCTS_DIR; };
		4F1AFC901C8F5E750089B82C /* Overplayer.swift */ = {isa = PBXFileReference; fileEncoding = 4; lastKnownFileType = sourcecode.swift; path = Overplayer.swift; sourceTree = "<group>"; };
		4F1AFC921C92118A0089B82C /* NetUtils.swift */ = {isa = PBXFileReference; fileEncoding = 4; lastKnownFileType = sourcecode.swift; path = NetUtils.swift; sourceTree = "<group>"; };
		4F1AFC9A1C9214D10089B82C /* OverplayAppSwift-Bridging-Header.h */ = {isa = PBXFileReference; lastKnownFileType = sourcecode.c.h; path = "OverplayAppSwift-Bridging-Header.h"; sourceTree = "<group>"; };
		4F1AFC9D1C9B53A30089B82C /* OverplayerCell.swift */ = {isa = PBXFileReference; fileEncoding = 4; lastKnownFileType = sourcecode.swift; path = OverplayerCell.swift; sourceTree = "<group>"; };
		4FC232311C863577006987F7 /* OverplayAppSwift.app */ = {isa = PBXFileReference; explicitFileType = wrapper.application; includeInIndex = 0; path = OverplayAppSwift.app; sourceTree = BUILT_PRODUCTS_DIR; };
		4FC232341C863577006987F7 /* AppDelegate.swift */ = {isa = PBXFileReference; lastKnownFileType = sourcecode.swift; path = AppDelegate.swift; sourceTree = "<group>"; };
		4FC232361C863577006987F7 /* ChooseOverplayerViewController.swift */ = {isa = PBXFileReference; lastKnownFileType = sourcecode.swift; path = ChooseOverplayerViewController.swift; sourceTree = "<group>"; };
		4FC232391C863577006987F7 /* Base */ = {isa = PBXFileReference; lastKnownFileType = file.storyboard; name = Base; path = Base.lproj/Main.storyboard; sourceTree = "<group>"; };
		4FC2323B1C863577006987F7 /* Assets.xcassets */ = {isa = PBXFileReference; lastKnownFileType = folder.assetcatalog; path = Assets.xcassets; sourceTree = "<group>"; };
		4FC2323E1C863577006987F7 /* Base */ = {isa = PBXFileReference; lastKnownFileType = file.storyboard; name = Base; path = Base.lproj/LaunchScreen.storyboard; sourceTree = "<group>"; };
		4FC232401C863577006987F7 /* Info.plist */ = {isa = PBXFileReference; lastKnownFileType = text.plist.xml; path = Info.plist; sourceTree = "<group>"; };
		4FC232461C8637FC006987F7 /* OverplayerViewController.swift */ = {isa = PBXFileReference; fileEncoding = 4; lastKnownFileType = sourcecode.swift; path = OverplayerViewController.swift; sourceTree = "<group>"; };
		9391B5AEE33F9FDB39DDB969 /* Pods-OverplayAppSwift.release.xcconfig */ = {isa = PBXFileReference; includeInIndex = 1; lastKnownFileType = text.xcconfig; name = "Pods-OverplayAppSwift.release.xcconfig"; path = "Pods/Target Support Files/Pods-OverplayAppSwift/Pods-OverplayAppSwift.release.xcconfig"; sourceTree = "<group>"; };
		D6FCA368956CA0A0DABBF89F /* Pods-OverplayAppSwift.debug.xcconfig */ = {isa = PBXFileReference; includeInIndex = 1; lastKnownFileType = text.xcconfig; name = "Pods-OverplayAppSwift.debug.xcconfig"; path = "Pods/Target Support Files/Pods-OverplayAppSwift/Pods-OverplayAppSwift.debug.xcconfig"; sourceTree = "<group>"; };
/* End PBXFileReference section */

/* Begin PBXFrameworksBuildPhase section */
		4FC2322E1C863577006987F7 /* Frameworks */ = {
			isa = PBXFrameworksBuildPhase;
			buildActionMask = 2147483647;
			files = (
				C1DF3E7ED0283B6E64600954 /* Pods_OverplayAppSwift.framework in Frameworks */,
			);
			runOnlyForDeploymentPostprocessing = 0;
		};
/* End PBXFrameworksBuildPhase section */

/* Begin PBXGroup section */
		38D86CF0061214CB6CADA6C5 /* Frameworks */ = {
			isa = PBXGroup;
			children = (
				4CA9131026E61A775BACE4A0 /* Pods_OverplayAppSwift.framework */,
			);
			name = Frameworks;
			sourceTree = "<group>";
		};
		4FC232281C863577006987F7 = {
			isa = PBXGroup;
			children = (
				4FC232331C863577006987F7 /* OverplayAppSwift */,
				4FC232321C863577006987F7 /* Products */,
				96941CD9AE346C54FAEED32A /* Pods */,
				38D86CF0061214CB6CADA6C5 /* Frameworks */,
			);
			sourceTree = "<group>";
		};
		4FC232321C863577006987F7 /* Products */ = {
			isa = PBXGroup;
			children = (
				4FC232311C863577006987F7 /* OverplayAppSwift.app */,
			);
			name = Products;
			sourceTree = "<group>";
		};
		4FC232331C863577006987F7 /* OverplayAppSwift */ = {
			isa = PBXGroup;
			children = (
				4FC232341C863577006987F7 /* AppDelegate.swift */,
				4FC232361C863577006987F7 /* ChooseOverplayerViewController.swift */,
				4F1AFC921C92118A0089B82C /* NetUtils.swift */,
				4FC232381C863577006987F7 /* Main.storyboard */,
				4F1AFC9D1C9B53A30089B82C /* OverplayerCell.swift */,
				4F1AFC901C8F5E750089B82C /* Overplayer.swift */,
				4FC232461C8637FC006987F7 /* OverplayerViewController.swift */,
				4FC2323B1C863577006987F7 /* Assets.xcassets */,
				4FC2323D1C863577006987F7 /* LaunchScreen.storyboard */,
				4FC232401C863577006987F7 /* Info.plist */,
				4F1AFC9A1C9214D10089B82C /* OverplayAppSwift-Bridging-Header.h */,
			);
			path = OverplayAppSwift;
			sourceTree = "<group>";
		};
		96941CD9AE346C54FAEED32A /* Pods */ = {
			isa = PBXGroup;
			children = (
				D6FCA368956CA0A0DABBF89F /* Pods-OverplayAppSwift.debug.xcconfig */,
				9391B5AEE33F9FDB39DDB969 /* Pods-OverplayAppSwift.release.xcconfig */,
			);
			name = Pods;
			sourceTree = "<group>";
		};
/* End PBXGroup section */

/* Begin PBXNativeTarget section */
		4FC232301C863577006987F7 /* OverplayAppSwift */ = {
			isa = PBXNativeTarget;
			buildConfigurationList = 4FC232431C863577006987F7 /* Build configuration list for PBXNativeTarget "OverplayAppSwift" */;
			buildPhases = (
				BE38FC09AA39D08DF33414FF /* Check Pods Manifest.lock */,
				4FC2322D1C863577006987F7 /* Sources */,
				4FC2322E1C863577006987F7 /* Frameworks */,
				4FC2322F1C863577006987F7 /* Resources */,
				65AA925EC556F44451083265 /* Embed Pods Frameworks */,
				DB7A7DBCBD6264C7B2A8C7A4 /* Copy Pods Resources */,
			);
			buildRules = (
			);
			dependencies = (
			);
			name = OverplayAppSwift;
			productName = OverplayAppSwift;
			productReference = 4FC232311C863577006987F7 /* OverplayAppSwift.app */;
			productType = "com.apple.product-type.application";
		};
/* End PBXNativeTarget section */

/* Begin PBXProject section */
		4FC232291C863577006987F7 /* Project object */ = {
			isa = PBXProject;
			attributes = {
				LastSwiftUpdateCheck = 0700;
				LastUpgradeCheck = 0700;
				ORGANIZATIONNAME = "App Delegates";
				TargetAttributes = {
					4FC232301C863577006987F7 = {
						CreatedOnToolsVersion = 7.0;
					};
				};
			};
			buildConfigurationList = 4FC2322C1C863577006987F7 /* Build configuration list for PBXProject "OverplayAppSwift" */;
			compatibilityVersion = "Xcode 3.2";
			developmentRegion = English;
			hasScannedForEncodings = 0;
			knownRegions = (
				en,
				Base,
			);
			mainGroup = 4FC232281C863577006987F7;
			productRefGroup = 4FC232321C863577006987F7 /* Products */;
			projectDirPath = "";
			projectRoot = "";
			targets = (
				4FC232301C863577006987F7 /* OverplayAppSwift */,
			);
		};
/* End PBXProject section */

/* Begin PBXResourcesBuildPhase section */
		4FC2322F1C863577006987F7 /* Resources */ = {
			isa = PBXResourcesBuildPhase;
			buildActionMask = 2147483647;
			files = (
				4FC2323F1C863577006987F7 /* LaunchScreen.storyboard in Resources */,
				4FC2323C1C863577006987F7 /* Assets.xcassets in Resources */,
				4FC2323A1C863577006987F7 /* Main.storyboard in Resources */,
			);
			runOnlyForDeploymentPostprocessing = 0;
		};
/* End PBXResourcesBuildPhase section */

/* Begin PBXShellScriptBuildPhase section */
		65AA925EC556F44451083265 /* Embed Pods Frameworks */ = {
			isa = PBXShellScriptBuildPhase;
			buildActionMask = 2147483647;
			files = (
			);
			inputPaths = (
			);
			name = "Embed Pods Frameworks";
			outputPaths = (
			);
			runOnlyForDeploymentPostprocessing = 0;
			shellPath = /bin/sh;
			shellScript = "\"${SRCROOT}/Pods/Target Support Files/Pods-OverplayAppSwift/Pods-OverplayAppSwift-frameworks.sh\"\n";
			showEnvVarsInLog = 0;
		};
		BE38FC09AA39D08DF33414FF /* Check Pods Manifest.lock */ = {
			isa = PBXShellScriptBuildPhase;
			buildActionMask = 2147483647;
			files = (
			);
			inputPaths = (
			);
			name = "Check Pods Manifest.lock";
			outputPaths = (
			);
			runOnlyForDeploymentPostprocessing = 0;
			shellPath = /bin/sh;
			shellScript = "diff \"${PODS_ROOT}/../Podfile.lock\" \"${PODS_ROOT}/Manifest.lock\" > /dev/null\nif [[ $? != 0 ]] ; then\n    cat << EOM\nerror: The sandbox is not in sync with the Podfile.lock. Run 'pod install' or update your CocoaPods installation.\nEOM\n    exit 1\nfi\n";
			showEnvVarsInLog = 0;
		};
		DB7A7DBCBD6264C7B2A8C7A4 /* Copy Pods Resources */ = {
			isa = PBXShellScriptBuildPhase;
			buildActionMask = 2147483647;
			files = (
			);
			inputPaths = (
			);
			name = "Copy Pods Resources";
			outputPaths = (
			);
			runOnlyForDeploymentPostprocessing = 0;
			shellPath = /bin/sh;
			shellScript = "\"${SRCROOT}/Pods/Target Support Files/Pods-OverplayAppSwift/Pods-OverplayAppSwift-resources.sh\"\n";
			showEnvVarsInLog = 0;
		};
/* End PBXShellScriptBuildPhase section */

/* Begin PBXSourcesBuildPhase section */
		4FC2322D1C863577006987F7 /* Sources */ = {
			isa = PBXSourcesBuildPhase;
			buildActionMask = 2147483647;
			files = (
				4F1AFC931C92118A0089B82C /* NetUtils.swift in Sources */,
				4F1AFC911C8F5E750089B82C /* Overplayer.swift in Sources */,
				4F1AFC9E1C9B53A30089B82C /* OverplayerCell.swift in Sources */,
				4FC232471C8637FC006987F7 /* OverplayerViewController.swift in Sources */,
				4FC232371C863577006987F7 /* ChooseOverplayerViewController.swift in Sources */,
				4FC232351C863577006987F7 /* AppDelegate.swift in Sources */,
			);
			runOnlyForDeploymentPostprocessing = 0;
		};
/* End PBXSourcesBuildPhase section */

/* Begin PBXVariantGroup section */
		4FC232381C863577006987F7 /* Main.storyboard */ = {
			isa = PBXVariantGroup;
			children = (
				4FC232391C863577006987F7 /* Base */,
			);
			name = Main.storyboard;
			sourceTree = "<group>";
		};
		4FC2323D1C863577006987F7 /* LaunchScreen.storyboard */ = {
			isa = PBXVariantGroup;
			children = (
				4FC2323E1C863577006987F7 /* Base */,
			);
			name = LaunchScreen.storyboard;
			sourceTree = "<group>";
		};
/* End PBXVariantGroup section */

/* Begin XCBuildConfiguration section */
		4FC232411C863577006987F7 /* Debug */ = {
			isa = XCBuildConfiguration;
			buildSettings = {
				ALWAYS_SEARCH_USER_PATHS = NO;
				CLANG_CXX_LANGUAGE_STANDARD = "gnu++0x";
				CLANG_CXX_LIBRARY = "libc++";
				CLANG_ENABLE_MODULES = YES;
				CLANG_ENABLE_OBJC_ARC = YES;
				CLANG_WARN_BOOL_CONVERSION = YES;
				CLANG_WARN_CONSTANT_CONVERSION = YES;
				CLANG_WARN_DIRECT_OBJC_ISA_USAGE = YES_ERROR;
				CLANG_WARN_EMPTY_BODY = YES;
				CLANG_WARN_ENUM_CONVERSION = YES;
				CLANG_WARN_INT_CONVERSION = YES;
				CLANG_WARN_OBJC_ROOT_CLASS = YES_ERROR;
				CLANG_WARN_UNREACHABLE_CODE = YES;
				CLANG_WARN__DUPLICATE_METHOD_MATCH = YES;
				"CODE_SIGN_IDENTITY[sdk=iphoneos*]" = "iPhone Developer";
				COPY_PHASE_STRIP = NO;
				DEBUG_INFORMATION_FORMAT = dwarf;
				ENABLE_STRICT_OBJC_MSGSEND = YES;
				ENABLE_TESTABILITY = YES;
				GCC_C_LANGUAGE_STANDARD = gnu99;
				GCC_DYNAMIC_NO_PIC = NO;
				GCC_NO_COMMON_BLOCKS = YES;
				GCC_OPTIMIZATION_LEVEL = 0;
				GCC_PREPROCESSOR_DEFINITIONS = (
					"DEBUG=1",
					"$(inherited)",
				);
				GCC_WARN_64_TO_32_BIT_CONVERSION = YES;
				GCC_WARN_ABOUT_RETURN_TYPE = YES_ERROR;
				GCC_WARN_UNDECLARED_SELECTOR = YES;
				GCC_WARN_UNINITIALIZED_AUTOS = YES_AGGRESSIVE;
				GCC_WARN_UNUSED_FUNCTION = YES;
				GCC_WARN_UNUSED_VARIABLE = YES;
				IPHONEOS_DEPLOYMENT_TARGET = 9.0;
				MTL_ENABLE_DEBUG_INFO = YES;
				ONLY_ACTIVE_ARCH = YES;
				SDKROOT = iphoneos;
				SWIFT_OPTIMIZATION_LEVEL = "-Onone";
				TARGETED_DEVICE_FAMILY = "1,2";
			};
			name = Debug;
		};
		4FC232421C863577006987F7 /* Release */ = {
			isa = XCBuildConfiguration;
			buildSettings = {
				ALWAYS_SEARCH_USER_PATHS = NO;
				CLANG_CXX_LANGUAGE_STANDARD = "gnu++0x";
				CLANG_CXX_LIBRARY = "libc++";
				CLANG_ENABLE_MODULES = YES;
				CLANG_ENABLE_OBJC_ARC = YES;
				CLANG_WARN_BOOL_CONVERSION = YES;
				CLANG_WARN_CONSTANT_CONVERSION = YES;
				CLANG_WARN_DIRECT_OBJC_ISA_USAGE = YES_ERROR;
				CLANG_WARN_EMPTY_BODY = YES;
				CLANG_WARN_ENUM_CONVERSION = YES;
				CLANG_WARN_INT_CONVERSION = YES;
				CLANG_WARN_OBJC_ROOT_CLASS = YES_ERROR;
				CLANG_WARN_UNREACHABLE_CODE = YES;
				CLANG_WARN__DUPLICATE_METHOD_MATCH = YES;
				"CODE_SIGN_IDENTITY[sdk=iphoneos*]" = "iPhone Developer";
				COPY_PHASE_STRIP = NO;
				DEBUG_INFORMATION_FORMAT = "dwarf-with-dsym";
				ENABLE_NS_ASSERTIONS = NO;
				ENABLE_STRICT_OBJC_MSGSEND = YES;
				GCC_C_LANGUAGE_STANDARD = gnu99;
				GCC_NO_COMMON_BLOCKS = YES;
				GCC_WARN_64_TO_32_BIT_CONVERSION = YES;
				GCC_WARN_ABOUT_RETURN_TYPE = YES_ERROR;
				GCC_WARN_UNDECLARED_SELECTOR = YES;
				GCC_WARN_UNINITIALIZED_AUTOS = YES_AGGRESSIVE;
				GCC_WARN_UNUSED_FUNCTION = YES;
				GCC_WARN_UNUSED_VARIABLE = YES;
				IPHONEOS_DEPLOYMENT_TARGET = 9.0;
				MTL_ENABLE_DEBUG_INFO = NO;
				SDKROOT = iphoneos;
				TARGETED_DEVICE_FAMILY = "1,2";
				VALIDATE_PRODUCT = YES;
			};
			name = Release;
		};
		4FC232441C863577006987F7 /* Debug */ = {
			isa = XCBuildConfiguration;
			baseConfigurationReference = D6FCA368956CA0A0DABBF89F /* Pods-OverplayAppSwift.debug.xcconfig */;
			buildSettings = {
				ASSETCATALOG_COMPILER_APPICON_NAME = AppIcon;
				CLANG_ENABLE_MODULES = YES;
				INFOPLIST_FILE = OverplayAppSwift/Info.plist;
				LD_RUNPATH_SEARCH_PATHS = "$(inherited) @executable_path/Frameworks";
				PRODUCT_BUNDLE_IDENTIFIER = alyssa.OverplayAppSwift;
				PRODUCT_NAME = "$(TARGET_NAME)";
				SWIFT_OBJC_BRIDGING_HEADER = "OverplayAppSwift/OverplayAppSwift-Bridging-Header.h";
				SWIFT_OPTIMIZATION_LEVEL = "-Onone";
			};
			name = Debug;
		};
		4FC232451C863577006987F7 /* Release */ = {
			isa = XCBuildConfiguration;
			baseConfigurationReference = 9391B5AEE33F9FDB39DDB969 /* Pods-OverplayAppSwift.release.xcconfig */;
			buildSettings = {
				ASSETCATALOG_COMPILER_APPICON_NAME = AppIcon;
				CLANG_ENABLE_MODULES = YES;
				INFOPLIST_FILE = OverplayAppSwift/Info.plist;
				LD_RUNPATH_SEARCH_PATHS = "$(inherited) @executable_path/Frameworks";
				PRODUCT_BUNDLE_IDENTIFIER = alyssa.OverplayAppSwift;
				PRODUCT_NAME = "$(TARGET_NAME)";
				SWIFT_OBJC_BRIDGING_HEADER = "OverplayAppSwift/OverplayAppSwift-Bridging-Header.h";
			};
			name = Release;
		};
/* End XCBuildConfiguration section */

/* Begin XCConfigurationList section */
		4FC2322C1C863577006987F7 /* Build configuration list for PBXProject "OverplayAppSwift" */ = {
			isa = XCConfigurationList;
			buildConfigurations = (
				4FC232411C863577006987F7 /* Debug */,
				4FC232421C863577006987F7 /* Release */,
			);
			defaultConfigurationIsVisible = 0;
			defaultConfigurationName = Release;
		};
		4FC232431C863577006987F7 /* Build configuration list for PBXNativeTarget "OverplayAppSwift" */ = {
			isa = XCConfigurationList;
			buildConfigurations = (
				4FC232441C863577006987F7 /* Debug */,
				4FC232451C863577006987F7 /* Release */,
			);
			defaultConfigurationIsVisible = 0;
			defaultConfigurationName = Release;
		};
/* End XCConfigurationList section */
	};
	rootObject = 4FC232291C863577006987F7 /* Project object */;
}
